
Microsoft Visual Studio Solution File, Format Version 12.00
# Visual Studio 15
VisualStudioVersion = 15.0.27428.2015
MinimumVisualStudioVersion = 10.0.40219.1
Project("{FAE04EC0-301F-11D3-BF4B-00C04F79EFBC}") = "sysguildtask", "sysguildtask\sysguildtask.csproj", "{0802C90E-EBFD-428F-B43E-E5E1E124F1E1}"
EndProject
Global
	GlobalSection(SolutionConfigurationPlatforms) = preSolution
		Debug|Any CPU = Debug|Any CPU
		Release|Any CPU = Release|Any CPU
	EndGlobalSection
	GlobalSection(ProjectConfigurationPlatforms) = postSolution
		{0802C90E-EBFD-428F-B43E-E5E1E124F1E1}.Debug|Any CPU.ActiveCfg = Debug|Any CPU
		{0802C90E-EBFD-428F-B43E-E5E1E124F1E1}.Debug|Any CPU.Build.0 = Debug|Any CPU
		{0802C90E-EBFD-428F-B43E-E5E1E124F1E1}.Release|Any CPU.ActiveCfg = Release|Any CPU
		{0802C90E-EBFD-428F-B43E-E5E1E124F1E1}.Release|Any CPU.Build.0 = Release|Any CPU
	EndGlobalSection
	GlobalSection(SolutionProperties) = preSolution
		HideSolutionNode = FALSE
	EndGlobalSection
	GlobalSection(ExtensibilityGlobals) = postSolution
		SolutionGuid = {44E8525D-880A-4704-8E01-1DF4ADC76A02}
	EndGlobalSection
EndGlobal
